
Microsoft Visual Studio Solution File, Format Version 12.00
# Visual Studio Version 16
VisualStudioVersion = 16.0.29728.190
MinimumVisualStudioVersion = 10.0.40219.1
Project("{FAE04EC0-301F-11D3-BF4B-00C04F79EFBC}") = "SignalR_POC", "SignalR_POC\SignalR_POC.csproj", "{38FEEE43-B955-424D-B161-2035EFEBA291}"
EndProject
Global
	GlobalSection(SolutionConfigurationPlatforms) = preSolution
		Debug|Any CPU = Debug|Any CPU
		Release|Any CPU = Release|Any CPU
	EndGlobalSection
	GlobalSection(ProjectConfigurationPlatforms) = postSolution
		{38FEEE43-B955-424D-B161-2035EFEBA291}.Debug|Any CPU.ActiveCfg = Debug|Any CPU
		{38FEEE43-B955-424D-B161-2035EFEBA291}.Debug|Any CPU.Build.0 = Debug|Any CPU
		{38FEEE43-B955-424D-B161-2035EFEBA291}.Release|Any CPU.ActiveCfg = Release|Any CPU
		{38FEEE43-B955-424D-B161-2035EFEBA291}.Release|Any CPU.Build.0 = Release|Any CPU
	EndGlobalSection
	GlobalSection(SolutionProperties) = preSolution
		HideSolutionNode = FALSE
	EndGlobalSection
	GlobalSection(ExtensibilityGlobals) = postSolution
		SolutionGuid = {4AB2A726-5BFB-4D33-9F4D-A7D076E36C1E}
	EndGlobalSection
EndGlobal
