
Microsoft Visual Studio Solution File, Format Version 12.00
# Visual Studio Version 16
VisualStudioVersion = 16.0.28729.10
MinimumVisualStudioVersion = 10.0.40219.1
Project("{FAE04EC0-301F-11D3-BF4B-00C04F79EFBC}") = "TestAPI", "TestAPI\TestAPI.csproj", "{77E6FDA4-FF85-4D88-99D8-80B04305D598}"
EndProject
Global
	GlobalSection(SolutionConfigurationPlatforms) = preSolution
		Debug|Any CPU = Debug|Any CPU
		Release|Any CPU = Release|Any CPU
	EndGlobalSection
	GlobalSection(ProjectConfigurationPlatforms) = postSolution
		{77E6FDA4-FF85-4D88-99D8-80B04305D598}.Debug|Any CPU.ActiveCfg = Debug|Any CPU
		{77E6FDA4-FF85-4D88-99D8-80B04305D598}.Debug|Any CPU.Build.0 = Debug|Any CPU
		{77E6FDA4-FF85-4D88-99D8-80B04305D598}.Release|Any CPU.ActiveCfg = Release|Any CPU
		{77E6FDA4-FF85-4D88-99D8-80B04305D598}.Release|Any CPU.Build.0 = Release|Any CPU
	EndGlobalSection
	GlobalSection(SolutionProperties) = preSolution
		HideSolutionNode = FALSE
	EndGlobalSection
	GlobalSection(ExtensibilityGlobals) = postSolution
		SolutionGuid = {42B039E6-9520-44AC-B001-4C23F340EB44}
	EndGlobalSection
EndGlobal
