
Microsoft Visual Studio Solution File, Format Version 12.00
# Visual Studio Version 16
VisualStudioVersion = 16.0.28729.10
MinimumVisualStudioVersion = 10.0.40219.1
Project("{FAE04EC0-301F-11D3-BF4B-00C04F79EFBC}") = "TDDFinalPractice", "TDDFinalPractice\TDDFinalPractice.csproj", "{65FA543E-4CA1-4D8C-8072-93FF0E4CD88E}"
EndProject
Project("{FAE04EC0-301F-11D3-BF4B-00C04F79EFBC}") = "UnitTesting", "UnitTesting\UnitTesting.csproj", "{6ACF7F82-0D55-4A6A-BE46-C2A430248344}"
EndProject
Project("{FAE04EC0-301F-11D3-BF4B-00C04F79EFBC}") = "Model", "Model\Model.csproj", "{285E0401-3916-46C0-B3C2-2DB9D842EB43}"
EndProject
Global
	GlobalSection(SolutionConfigurationPlatforms) = preSolution
		Debug|Any CPU = Debug|Any CPU
		Release|Any CPU = Release|Any CPU
	EndGlobalSection
	GlobalSection(ProjectConfigurationPlatforms) = postSolution
		{65FA543E-4CA1-4D8C-8072-93FF0E4CD88E}.Debug|Any CPU.ActiveCfg = Debug|Any CPU
		{65FA543E-4CA1-4D8C-8072-93FF0E4CD88E}.Debug|Any CPU.Build.0 = Debug|Any CPU
		{65FA543E-4CA1-4D8C-8072-93FF0E4CD88E}.Release|Any CPU.ActiveCfg = Release|Any CPU
		{65FA543E-4CA1-4D8C-8072-93FF0E4CD88E}.Release|Any CPU.Build.0 = Release|Any CPU
		{6ACF7F82-0D55-4A6A-BE46-C2A430248344}.Debug|Any CPU.ActiveCfg = Debug|Any CPU
		{6ACF7F82-0D55-4A6A-BE46-C2A430248344}.Debug|Any CPU.Build.0 = Debug|Any CPU
		{6ACF7F82-0D55-4A6A-BE46-C2A430248344}.Release|Any CPU.ActiveCfg = Release|Any CPU
		{6ACF7F82-0D55-4A6A-BE46-C2A430248344}.Release|Any CPU.Build.0 = Release|Any CPU
		{285E0401-3916-46C0-B3C2-2DB9D842EB43}.Debug|Any CPU.ActiveCfg = Debug|Any CPU
		{285E0401-3916-46C0-B3C2-2DB9D842EB43}.Debug|Any CPU.Build.0 = Debug|Any CPU
		{285E0401-3916-46C0-B3C2-2DB9D842EB43}.Release|Any CPU.ActiveCfg = Release|Any CPU
		{285E0401-3916-46C0-B3C2-2DB9D842EB43}.Release|Any CPU.Build.0 = Release|Any CPU
	EndGlobalSection
	GlobalSection(SolutionProperties) = preSolution
		HideSolutionNode = FALSE
	EndGlobalSection
	GlobalSection(ExtensibilityGlobals) = postSolution
		SolutionGuid = {E0C32FE2-C6E9-437F-99D7-7D1D51B72A02}
	EndGlobalSection
EndGlobal
