
Microsoft Visual Studio Solution File, Format Version 12.00
# Visual Studio Version 16
VisualStudioVersion = 16.0.28729.10
MinimumVisualStudioVersion = 10.0.40219.1
Project("{FAE04EC0-301F-11D3-BF4B-00C04F79EFBC}") = "ASPDockerTest", "ASPDockerTest\ASPDockerTest.csproj", "{00A9C8C6-C0D4-461E-B90A-AFA4E21F0489}"
EndProject
Project("{FAE04EC0-301F-11D3-BF4B-00C04F79EFBC}") = "Test1", "Test1\Test1.csproj", "{8DADE631-7E26-4DF4-B951-43F98121017D}"
EndProject
Project("{FAE04EC0-301F-11D3-BF4B-00C04F79EFBC}") = "Lib1", "Lib1\Lib1.csproj", "{AA7A6C3E-010D-4316-8349-4F196E927F87}"
EndProject
Project("{FAE04EC0-301F-11D3-BF4B-00C04F79EFBC}") = "Web1", "Web1\Web1.csproj", "{C94A2747-728E-4032-8C23-7B09AD0058C2}"
EndProject
Global
	GlobalSection(SolutionConfigurationPlatforms) = preSolution
		Debug|Any CPU = Debug|Any CPU
		Release|Any CPU = Release|Any CPU
	EndGlobalSection
	GlobalSection(ProjectConfigurationPlatforms) = postSolution
		{00A9C8C6-C0D4-461E-B90A-AFA4E21F0489}.Debug|Any CPU.ActiveCfg = Debug|Any CPU
		{00A9C8C6-C0D4-461E-B90A-AFA4E21F0489}.Debug|Any CPU.Build.0 = Debug|Any CPU
		{00A9C8C6-C0D4-461E-B90A-AFA4E21F0489}.Release|Any CPU.ActiveCfg = Release|Any CPU
		{00A9C8C6-C0D4-461E-B90A-AFA4E21F0489}.Release|Any CPU.Build.0 = Release|Any CPU
		{8DADE631-7E26-4DF4-B951-43F98121017D}.Debug|Any CPU.ActiveCfg = Debug|Any CPU
		{8DADE631-7E26-4DF4-B951-43F98121017D}.Debug|Any CPU.Build.0 = Debug|Any CPU
		{8DADE631-7E26-4DF4-B951-43F98121017D}.Release|Any CPU.ActiveCfg = Release|Any CPU
		{8DADE631-7E26-4DF4-B951-43F98121017D}.Release|Any CPU.Build.0 = Release|Any CPU
		{AA7A6C3E-010D-4316-8349-4F196E927F87}.Debug|Any CPU.ActiveCfg = Debug|Any CPU
		{AA7A6C3E-010D-4316-8349-4F196E927F87}.Debug|Any CPU.Build.0 = Debug|Any CPU
		{AA7A6C3E-010D-4316-8349-4F196E927F87}.Release|Any CPU.ActiveCfg = Release|Any CPU
		{AA7A6C3E-010D-4316-8349-4F196E927F87}.Release|Any CPU.Build.0 = Release|Any CPU
		{C94A2747-728E-4032-8C23-7B09AD0058C2}.Debug|Any CPU.ActiveCfg = Debug|Any CPU
		{C94A2747-728E-4032-8C23-7B09AD0058C2}.Debug|Any CPU.Build.0 = Debug|Any CPU
		{C94A2747-728E-4032-8C23-7B09AD0058C2}.Release|Any CPU.ActiveCfg = Release|Any CPU
		{C94A2747-728E-4032-8C23-7B09AD0058C2}.Release|Any CPU.Build.0 = Release|Any CPU
	EndGlobalSection
	GlobalSection(SolutionProperties) = preSolution
		HideSolutionNode = FALSE
	EndGlobalSection
	GlobalSection(ExtensibilityGlobals) = postSolution
		SolutionGuid = {838BB20F-CBDE-4F02-9459-305716F72CC8}
	EndGlobalSection
EndGlobal
